// !$*UTF8*$!
{
	archiveVersion = 1;
	classes = {
	};
	objectVersion = 50;
	objects = {

/* Begin PBXBuildFile section */
		AA794B5325E5133500B8D614 /* AppDelegate.m in Sources */ = {isa = PBXBuildFile; fileRef = AA794B5225E5133500B8D614 /* AppDelegate.m */; };
		AA794B5625E5133500B8D614 /* SceneDelegate.m in Sources */ = {isa = PBXBuildFile; fileRef = AA794B5525E5133500B8D614 /* SceneDelegate.m */; };
		AA794B5925E5133500B8D614 /* ViewController.m in Sources */ = {isa = PBXBuildFile; fileRef = AA794B5825E5133500B8D614 /* ViewController.m */; };
		AA794B5C25E5133500B8D614 /* Main.storyboard in Resources */ = {isa = PBXBuildFile; fileRef = AA794B5A25E5133500B8D614 /* Main.storyboard */; };
		AA794B5F25E5133500B8D614 /* DrivingProject.xcdatamodeld in Sources */ = {isa = PBXBuildFile; fileRef = AA794B5D25E5133500B8D614 /* DrivingProject.xcdatamodeld */; };
		AA794B6125E5133600B8D614 /* Assets.xcassets in Resources */ = {isa = PBXBuildFile; fileRef = AA794B6025E5133600B8D614 /* Assets.xcassets */; };
		AA794B6425E5133600B8D614 /* LaunchScreen.storyboard in Resources */ = {isa = PBXBuildFile; fileRef = AA794B6225E5133600B8D614 /* LaunchScreen.storyboard */; };
		AA794B6725E5133600B8D614 /* main.m in Sources */ = {isa = PBXBuildFile; fileRef = AA794B6625E5133600B8D614 /* main.m */; };
		AA794B7125E5133600B8D614 /* DrivingProjectTests.m in Sources */ = {isa = PBXBuildFile; fileRef = AA794B7025E5133600B8D614 /* DrivingProjectTests.m */; };
		AA794B7C25E5133600B8D614 /* DrivingProjectUITests.m in Sources */ = {isa = PBXBuildFile; fileRef = AA794B7B25E5133600B8D614 /* DrivingProjectUITests.m */; };
/* End PBXBuildFile section */

/* Begin PBXContainerItemProxy section */
		AA794B6D25E5133600B8D614 /* PBXContainerItemProxy */ = {
			isa = PBXContainerItemProxy;
			containerPortal = AA794B4625E5133500B8D614 /* Project object */;
			proxyType = 1;
			remoteGlobalIDString = AA794B4D25E5133500B8D614;
			remoteInfo = DrivingProject;
		};
		AA794B7825E5133600B8D614 /* PBXContainerItemProxy */ = {
			isa = PBXContainerItemProxy;
			containerPortal = AA794B4625E5133500B8D614 /* Project object */;
			proxyType = 1;
			remoteGlobalIDString = AA794B4D25E5133500B8D614;
			remoteInfo = DrivingProject;
		};
/* End PBXContainerItemProxy section */

/* Begin PBXFileReference section */
		AA794B4E25E5133500B8D614 /* DrivingProject.app */ = {isa = PBXFileReference; explicitFileType = wrapper.application; includeInIndex = 0; path = DrivingProject.app; sourceTree = BUILT_PRODUCTS_DIR; };
		AA794B5125E5133500B8D614 /* AppDelegate.h */ = {isa = PBXFileReference; lastKnownFileType = sourcecode.c.h; path = AppDelegate.h; sourceTree = "<group>"; };
		AA794B5225E5133500B8D614 /* AppDelegate.m */ = {isa = PBXFileReference; lastKnownFileType = sourcecode.c.objc; path = AppDelegate.m; sourceTree = "<group>"; };
		AA794B5425E5133500B8D614 /* SceneDelegate.h */ = {isa = PBXFileReference; lastKnownFileType = sourcecode.c.h; path = SceneDelegate.h; sourceTree = "<group>"; };
		AA794B5525E5133500B8D614 /* SceneDelegate.m */ = {isa = PBXFileReference; lastKnownFileType = sourcecode.c.objc; path = SceneDelegate.m; sourceTree = "<group>"; };
		AA794B5725E5133500B8D614 /* ViewController.h */ = {isa = PBXFileReference; lastKnownFileType = sourcecode.c.h; path = ViewController.h; sourceTree = "<group>"; };
		AA794B5825E5133500B8D614 /* ViewController.m */ = {isa = PBXFileReference; lastKnownFileType = sourcecode.c.objc; path = ViewController.m; sourceTree = "<group>"; };
		AA794B5B25E5133500B8D614 /* Base */ = {isa = PBXFileReference; lastKnownFileType = file.storyboard; name = Base; path = Base.lproj/Main.storyboard; sourceTree = "<group>"; };
		AA794B5E25E5133500B8D614 /* DrivingProject.xcdatamodel */ = {isa = PBXFileReference; lastKnownFileType = wrapper.xcdatamodel; path = DrivingProject.xcdatamodel; sourceTree = "<group>"; };
		AA794B6025E5133600B8D614 /* Assets.xcassets */ = {isa = PBXFileReference; lastKnownFileType = folder.assetcatalog; path = Assets.xcassets; sourceTree = "<group>"; };
		AA794B6325E5133600B8D614 /* Base */ = {isa = PBXFileReference; lastKnownFileType = file.storyboard; name = Base; path = Base.lproj/LaunchScreen.storyboard; sourceTree = "<group>"; };
		AA794B6525E5133600B8D614 /* Info.plist */ = {isa = PBXFileReference; lastKnownFileType = text.plist.xml; path = Info.plist; sourceTree = "<group>"; };
		AA794B6625E5133600B8D614 /* main.m */ = {isa = PBXFileReference; lastKnownFileType = sourcecode.c.objc; path = main.m; sourceTree = "<group>"; };
		AA794B6C25E5133600B8D614 /* DrivingProjectTests.xctest */ = {isa = PBXFileReference; explicitFileType = wrapper.cfbundle; includeInIndex = 0; path = DrivingProjectTests.xctest; sourceTree = BUILT_PRODUCTS_DIR; };
		AA794B7025E5133600B8D614 /* DrivingProjectTests.m */ = {isa = PBXFileReference; lastKnownFileType = sourcecode.c.objc; path = DrivingProjectTests.m; sourceTree = "<group>"; };
		AA794B7225E5133600B8D614 /* Info.plist */ = {isa = PBXFileReference; lastKnownFileType = text.plist.xml; path = Info.plist; sourceTree = "<group>"; };
		AA794B7725E5133600B8D614 /* DrivingProjectUITests.xctest */ = {isa = PBXFileReference; explicitFileType = wrapper.cfbundle; includeInIndex = 0; path = DrivingProjectUITests.xctest; sourceTree = BUILT_PRODUCTS_DIR; };
		AA794B7B25E5133600B8D614 /* DrivingProjectUITests.m */ = {isa = PBXFileReference; lastKnownFileType = sourcecode.c.objc; path = DrivingProjectUITests.m; sourceTree = "<group>"; };
		AA794B7D25E5133600B8D614 /* Info.plist */ = {isa = PBXFileReference; lastKnownFileType = text.plist.xml; path = Info.plist; sourceTree = "<group>"; };
/* End PBXFileReference section */

/* Begin PBXFrameworksBuildPhase section */
		AA794B4B25E5133500B8D614 /* Frameworks */ = {
			isa = PBXFrameworksBuildPhase;
			buildActionMask = 2147483647;
			files = (
			);
			runOnlyForDeploymentPostprocessing = 0;
		};
		AA794B6925E5133600B8D614 /* Frameworks */ = {
			isa = PBXFrameworksBuildPhase;
			buildActionMask = 2147483647;
			files = (
			);
			runOnlyForDeploymentPostprocessing = 0;
		};
		AA794B7425E5133600B8D614 /* Frameworks */ = {
			isa = PBXFrameworksBuildPhase;
			buildActionMask = 2147483647;
			files = (
			);
			runOnlyForDeploymentPostprocessing = 0;
		};
/* End PBXFrameworksBuildPhase section */

/* Begin PBXGroup section */
		AA794B4525E5133500B8D614 = {
			isa = PBXGroup;
			children = (
				AA794B5025E5133500B8D614 /* DrivingProject */,
				AA794B6F25E5133600B8D614 /* DrivingProjectTests */,
				AA794B7A25E5133600B8D614 /* DrivingProjectUITests */,
				AA794B4F25E5133500B8D614 /* Products */,
			);
			sourceTree = "<group>";
		};
		AA794B4F25E5133500B8D614 /* Products */ = {
			isa = PBXGroup;
			children = (
				AA794B4E25E5133500B8D614 /* DrivingProject.app */,
				AA794B6C25E5133600B8D614 /* DrivingProjectTests.xctest */,
				AA794B7725E5133600B8D614 /* DrivingProjectUITests.xctest */,
			);
			name = Products;
			sourceTree = "<group>";
		};
		AA794B5025E5133500B8D614 /* DrivingProject */ = {
			isa = PBXGroup;
			children = (
				AA794B5125E5133500B8D614 /* AppDelegate.h */,
				AA794B5225E5133500B8D614 /* AppDelegate.m */,
				AA794B5425E5133500B8D614 /* SceneDelegate.h */,
				AA794B5525E5133500B8D614 /* SceneDelegate.m */,
				AA794B5725E5133500B8D614 /* ViewController.h */,
				AA794B5825E5133500B8D614 /* ViewController.m */,
				AA794B5A25E5133500B8D614 /* Main.storyboard */,
				AA794B6025E5133600B8D614 /* Assets.xcassets */,
				AA794B6225E5133600B8D614 /* LaunchScreen.storyboard */,
				AA794B6525E5133600B8D614 /* Info.plist */,
				AA794B6625E5133600B8D614 /* main.m */,
				AA794B5D25E5133500B8D614 /* DrivingProject.xcdatamodeld */,
			);
			path = DrivingProject;
			sourceTree = "<group>";
		};
		AA794B6F25E5133600B8D614 /* DrivingProjectTests */ = {
			isa = PBXGroup;
			children = (
				AA794B7025E5133600B8D614 /* DrivingProjectTests.m */,
				AA794B7225E5133600B8D614 /* Info.plist */,
			);
			path = DrivingProjectTests;
			sourceTree = "<group>";
		};
		AA794B7A25E5133600B8D614 /* DrivingProjectUITests */ = {
			isa = PBXGroup;
			children = (
				AA794B7B25E5133600B8D614 /* DrivingProjectUITests.m */,
				AA794B7D25E5133600B8D614 /* Info.plist */,
			);
			path = DrivingProjectUITests;
			sourceTree = "<group>";
		};
/* End PBXGroup section */

/* Begin PBXNativeTarget section */
		AA794B4D25E5133500B8D614 /* DrivingProject */ = {
			isa = PBXNativeTarget;
			buildConfigurationList = AA794B8025E5133600B8D614 /* Build configuration list for PBXNativeTarget "DrivingProject" */;
			buildPhases = (
				AA794B4A25E5133500B8D614 /* Sources */,
				AA794B4B25E5133500B8D614 /* Frameworks */,
				AA794B4C25E5133500B8D614 /* Resources */,
			);
			buildRules = (
			);
			dependencies = (
			);
			name = DrivingProject;
			productName = DrivingProject;
			productReference = AA794B4E25E5133500B8D614 /* DrivingProject.app */;
			productType = "com.apple.product-type.application";
		};
		AA794B6B25E5133600B8D614 /* DrivingProjectTests */ = {
			isa = PBXNativeTarget;
			buildConfigurationList = AA794B8325E5133600B8D614 /* Build configuration list for PBXNativeTarget "DrivingProjectTests" */;
			buildPhases = (
				AA794B6825E5133600B8D614 /* Sources */,
				AA794B6925E5133600B8D614 /* Frameworks */,
				AA794B6A25E5133600B8D614 /* Resources */,
			);
			buildRules = (
			);
			dependencies = (
				AA794B6E25E5133600B8D614 /* PBXTargetDependency */,
			);
			name = DrivingProjectTests;
			productName = DrivingProjectTests;
			productReference = AA794B6C25E5133600B8D614 /* DrivingProjectTests.xctest */;
			productType = "com.apple.product-type.bundle.unit-test";
		};
		AA794B7625E5133600B8D614 /* DrivingProjectUITests */ = {
			isa = PBXNativeTarget;
			buildConfigurationList = AA794B8625E5133600B8D614 /* Build configuration list for PBXNativeTarget "DrivingProjectUITests" */;
			buildPhases = (
				AA794B7325E5133600B8D614 /* Sources */,
				AA794B7425E5133600B8D614 /* Frameworks */,
				AA794B7525E5133600B8D614 /* Resources */,
			);
			buildRules = (
			);
			dependencies = (
				AA794B7925E5133600B8D614 /* PBXTargetDependency */,
			);
			name = DrivingProjectUITests;
			productName = DrivingProjectUITests;
			productReference = AA794B7725E5133600B8D614 /* DrivingProjectUITests.xctest */;
			productType = "com.apple.product-type.bundle.ui-testing";
		};
/* End PBXNativeTarget section */

/* Begin PBXProject section */
		AA794B4625E5133500B8D614 /* Project object */ = {
			isa = PBXProject;
			attributes = {
				LastUpgradeCheck = 1240;
				TargetAttributes = {
					AA794B4D25E5133500B8D614 = {
						CreatedOnToolsVersion = 12.4;
					};
					AA794B6B25E5133600B8D614 = {
						CreatedOnToolsVersion = 12.4;
						TestTargetID = AA794B4D25E5133500B8D614;
					};
					AA794B7625E5133600B8D614 = {
						CreatedOnToolsVersion = 12.4;
						TestTargetID = AA794B4D25E5133500B8D614;
					};
				};
			};
			buildConfigurationList = AA794B4925E5133500B8D614 /* Build configuration list for PBXProject "DrivingProject" */;
			compatibilityVersion = "Xcode 9.3";
			developmentRegion = en;
			hasScannedForEncodings = 0;
			knownRegions = (
				en,
				Base,
			);
			mainGroup = AA794B4525E5133500B8D614;
			productRefGroup = AA794B4F25E5133500B8D614 /* Products */;
			projectDirPath = "";
			projectRoot = "";
			targets = (
				AA794B4D25E5133500B8D614 /* DrivingProject */,
				AA794B6B25E5133600B8D614 /* DrivingProjectTests */,
				AA794B7625E5133600B8D614 /* DrivingProjectUITests */,
			);
		};
/* End PBXProject section */

/* Begin PBXResourcesBuildPhase section */
		AA794B4C25E5133500B8D614 /* Resources */ = {
			isa = PBXResourcesBuildPhase;
			buildActionMask = 2147483647;
			files = (
				AA794B6425E5133600B8D614 /* LaunchScreen.storyboard in Resources */,
				AA794B6125E5133600B8D614 /* Assets.xcassets in Resources */,
				AA794B5C25E5133500B8D614 /* Main.storyboard in Resources */,
			);
			runOnlyForDeploymentPostprocessing = 0;
		};
		AA794B6A25E5133600B8D614 /* Resources */ = {
			isa = PBXResourcesBuildPhase;
			buildActionMask = 2147483647;
			files = (
			);
			runOnlyForDeploymentPostprocessing = 0;
		};
		AA794B7525E5133600B8D614 /* Resources */ = {
			isa = PBXResourcesBuildPhase;
			buildActionMask = 2147483647;
			files = (
			);
			runOnlyForDeploymentPostprocessing = 0;
		};
/* End PBXResourcesBuildPhase section */

/* Begin PBXSourcesBuildPhase section */
		AA794B4A25E5133500B8D614 /* Sources */ = {
			isa = PBXSourcesBuildPhase;
			buildActionMask = 2147483647;
			files = (
				AA794B6725E5133600B8D614 /* main.m in Sources */,
				AA794B5925E5133500B8D614 /* ViewController.m in Sources */,
				AA794B5F25E5133500B8D614 /* DrivingProject.xcdatamodeld in Sources */,
				AA794B5325E5133500B8D614 /* AppDelegate.m in Sources */,
				AA794B5625E5133500B8D614 /* SceneDelegate.m in Sources */,
			);
			runOnlyForDeploymentPostprocessing = 0;
		};
		AA794B6825E5133600B8D614 /* Sources */ = {
			isa = PBXSourcesBuildPhase;
			buildActionMask = 2147483647;
			files = (
				AA794B7125E5133600B8D614 /* DrivingProjectTests.m in Sources */,
			);
			runOnlyForDeploymentPostprocessing = 0;
		};
		AA794B7325E5133600B8D614 /* Sources */ = {
			isa = PBXSourcesBuildPhase;
			buildActionMask = 2147483647;
			files = (
				AA794B7C25E5133600B8D614 /* DrivingProjectUITests.m in Sources */,
			);
			runOnlyForDeploymentPostprocessing = 0;
		};
/* End PBXSourcesBuildPhase section */

/* Begin PBXTargetDependency section */
		AA794B6E25E5133600B8D614 /* PBXTargetDependency */ = {
			isa = PBXTargetDependency;
			target = AA794B4D25E5133500B8D614 /* DrivingProject */;
			targetProxy = AA794B6D25E5133600B8D614 /* PBXContainerItemProxy */;
		};
		AA794B7925E5133600B8D614 /* PBXTargetDependency */ = {
			isa = PBXTargetDependency;
			target = AA794B4D25E5133500B8D614 /* DrivingProject */;
			targetProxy = AA794B7825E5133600B8D614 /* PBXContainerItemProxy */;
		};
/* End PBXTargetDependency section */

/* Begin PBXVariantGroup section */
		AA794B5A25E5133500B8D614 /* Main.storyboard */ = {
			isa = PBXVariantGroup;
			children = (
				AA794B5B25E5133500B8D614 /* Base */,
			);
			name = Main.storyboard;
			sourceTree = "<group>";
		};
		AA794B6225E5133600B8D614 /* LaunchScreen.storyboard */ = {
			isa = PBXVariantGroup;
			children = (
				AA794B6325E5133600B8D614 /* Base */,
			);
			name = LaunchScreen.storyboard;
			sourceTree = "<group>";
		};
/* End PBXVariantGroup section */

/* Begin XCBuildConfiguration section */
		AA794B7E25E5133600B8D614 /* Debug */ = {
			isa = XCBuildConfiguration;
			buildSettings = {
				ALWAYS_SEARCH_USER_PATHS = NO;
				CLANG_ANALYZER_NONNULL = YES;
				CLANG_ANALYZER_NUMBER_OBJECT_CONVERSION = YES_AGGRESSIVE;
				CLANG_CXX_LANGUAGE_STANDARD = "gnu++14";
				CLANG_CXX_LIBRARY = "libc++";
				CLANG_ENABLE_MODULES = YES;
				CLANG_ENABLE_OBJC_ARC = YES;
				CLANG_ENABLE_OBJC_WEAK = YES;
				CLANG_WARN_BLOCK_CAPTURE_AUTORELEASING = YES;
				CLANG_WARN_BOOL_CONVERSION = YES;
				CLANG_WARN_COMMA = YES;
				CLANG_WARN_CONSTANT_CONVERSION = YES;
				CLANG_WARN_DEPRECATED_OBJC_IMPLEMENTATIONS = YES;
				CLANG_WARN_DIRECT_OBJC_ISA_USAGE = YES_ERROR;
				CLANG_WARN_DOCUMENTATION_COMMENTS = YES;
				CLANG_WARN_EMPTY_BODY = YES;
				CLANG_WARN_ENUM_CONVERSION = YES;
				CLANG_WARN_INFINITE_RECURSION = YES;
				CLANG_WARN_INT_CONVERSION = YES;
				CLANG_WARN_NON_LITERAL_NULL_CONVERSION = YES;
				CLANG_WARN_OBJC_IMPLICIT_RETAIN_SELF = YES;
				CLANG_WARN_OBJC_LITERAL_CONVERSION = YES;
				CLANG_WARN_OBJC_ROOT_CLASS = YES_ERROR;
				CLANG_WARN_QUOTED_INCLUDE_IN_FRAMEWORK_HEADER = YES;
				CLANG_WARN_RANGE_LOOP_ANALYSIS = YES;
				CLANG_WARN_STRICT_PROTOTYPES = YES;
				CLANG_WARN_SUSPICIOUS_MOVE = YES;
				CLANG_WARN_UNGUARDED_AVAILABILITY = YES_AGGRESSIVE;
				CLANG_WARN_UNREACHABLE_CODE = YES;
				CLANG_WARN__DUPLICATE_METHOD_MATCH = YES;
				COPY_PHASE_STRIP = NO;
				DEBUG_INFORMATION_FORMAT = dwarf;
				ENABLE_STRICT_OBJC_MSGSEND = YES;
				ENABLE_TESTABILITY = YES;
				GCC_C_LANGUAGE_STANDARD = gnu11;
				GCC_DYNAMIC_NO_PIC = NO;
				GCC_NO_COMMON_BLOCKS = YES;
				GCC_OPTIMIZATION_LEVEL = 0;
				GCC_PREPROCESSOR_DEFINITIONS = (
					"DEBUG=1",
					"$(inherited)",
				);
				GCC_WARN_64_TO_32_BIT_CONVERSION = YES;
				GCC_WARN_ABOUT_RETURN_TYPE = YES_ERROR;
				GCC_WARN_UNDECLARED_SELECTOR = YES;
				GCC_WARN_UNINITIALIZED_AUTOS = YES_AGGRESSIVE;
				GCC_WARN_UNUSED_FUNCTION = YES;
				GCC_WARN_UNUSED_VARIABLE = YES;
				IPHONEOS_DEPLOYMENT_TARGET = 14.4;
				MTL_ENABLE_DEBUG_INFO = INCLUDE_SOURCE;
				MTL_FAST_MATH = YES;
				ONLY_ACTIVE_ARCH = YES;
				SDKROOT = iphoneos;
			};
			name = Debug;
		};
		AA794B7F25E5133600B8D614 /* Release */ = {
			isa = XCBuildConfiguration;
			buildSettings = {
				ALWAYS_SEARCH_USER_PATHS = NO;
				CLANG_ANALYZER_NONNULL = YES;
				CLANG_ANALYZER_NUMBER_OBJECT_CONVERSION = YES_AGGRESSIVE;
				CLANG_CXX_LANGUAGE_STANDARD = "gnu++14";
				CLANG_CXX_LIBRARY = "libc++";
				CLANG_ENABLE_MODULES = YES;
				CLANG_ENABLE_OBJC_ARC = YES;
				CLANG_ENABLE_OBJC_WEAK = YES;
				CLANG_WARN_BLOCK_CAPTURE_AUTORELEASING = YES;
				CLANG_WARN_BOOL_CONVERSION = YES;
				CLANG_WARN_COMMA = YES;
				CLANG_WARN_CONSTANT_CONVERSION = YES;
				CLANG_WARN_DEPRECATED_OBJC_IMPLEMENTATIONS = YES;
				CLANG_WARN_DIRECT_OBJC_ISA_USAGE = YES_ERROR;
				CLANG_WARN_DOCUMENTATION_COMMENTS = YES;
				CLANG_WARN_EMPTY_BODY = YES;
				CLANG_WARN_ENUM_CONVERSION = YES;
				CLANG_WARN_INFINITE_RECURSION = YES;
				CLANG_WARN_INT_CONVERSION = YES;
				CLANG_WARN_NON_LITERAL_NULL_CONVERSION = YES;
				CLANG_WARN_OBJC_IMPLICIT_RETAIN_SELF = YES;
				CLANG_WARN_OBJC_LITERAL_CONVERSION = YES;
				CLANG_WARN_OBJC_ROOT_CLASS = YES_ERROR;
				CLANG_WARN_QUOTED_INCLUDE_IN_FRAMEWORK_HEADER = YES;
				CLANG_WARN_RANGE_LOOP_ANALYSIS = YES;
				CLANG_WARN_STRICT_PROTOTYPES = YES;
				CLANG_WARN_SUSPICIOUS_MOVE = YES;
				CLANG_WARN_UNGUARDED_AVAILABILITY = YES_AGGRESSIVE;
				CLANG_WARN_UNREACHABLE_CODE = YES;
				CLANG_WARN__DUPLICATE_METHOD_MATCH = YES;
				COPY_PHASE_STRIP = NO;
				DEBUG_INFORMATION_FORMAT = "dwarf-with-dsym";
				ENABLE_NS_ASSERTIONS = NO;
				ENABLE_STRICT_OBJC_MSGSEND = YES;
				GCC_C_LANGUAGE_STANDARD = gnu11;
				GCC_NO_COMMON_BLOCKS = YES;
				GCC_WARN_64_TO_32_BIT_CONVERSION = YES;
				GCC_WARN_ABOUT_RETURN_TYPE = YES_ERROR;
				GCC_WARN_UNDECLARED_SELECTOR = YES;
				GCC_WARN_UNINITIALIZED_AUTOS = YES_AGGRESSIVE;
				GCC_WARN_UNUSED_FUNCTION = YES;
				GCC_WARN_UNUSED_VARIABLE = YES;
				IPHONEOS_DEPLOYMENT_TARGET = 14.4;
				MTL_ENABLE_DEBUG_INFO = NO;
				MTL_FAST_MATH = YES;
				SDKROOT = iphoneos;
				VALIDATE_PRODUCT = YES;
			};
			name = Release;
		};
		AA794B8125E5133600B8D614 /* Debug */ = {
			isa = XCBuildConfiguration;
			buildSettings = {
				ASSETCATALOG_COMPILER_APPICON_NAME = AppIcon;
				ASSETCATALOG_COMPILER_GLOBAL_ACCENT_COLOR_NAME = AccentColor;
				CODE_SIGN_STYLE = Automatic;
				DEVELOPMENT_TEAM = 55Q3PYPXM7;
				INFOPLIST_FILE = DrivingProject/Info.plist;
				LD_RUNPATH_SEARCH_PATHS = (
					"$(inherited)",
					"@executable_path/Frameworks",
				);
				PRODUCT_BUNDLE_IDENTIFIER = com.lingchuang.driving.DrivingProject;
				PRODUCT_NAME = "$(TARGET_NAME)";
				TARGETED_DEVICE_FAMILY = "1,2";
			};
			name = Debug;
		};
		AA794B8225E5133600B8D614 /* Release */ = {
			isa = XCBuildConfiguration;
			buildSettings = {
				ASSETCATALOG_COMPILER_APPICON_NAME = AppIcon;
				ASSETCATALOG_COMPILER_GLOBAL_ACCENT_COLOR_NAME = AccentColor;
				CODE_SIGN_STYLE = Automatic;
				DEVELOPMENT_TEAM = 55Q3PYPXM7;
				INFOPLIST_FILE = DrivingProject/Info.plist;
				LD_RUNPATH_SEARCH_PATHS = (
					"$(inherited)",
					"@executable_path/Frameworks",
				);
				PRODUCT_BUNDLE_IDENTIFIER = com.lingchuang.driving.DrivingProject;
				PRODUCT_NAME = "$(TARGET_NAME)";
				TARGETED_DEVICE_FAMILY = "1,2";
			};
			name = Release;
		};
		AA794B8425E5133600B8D614 /* Debug */ = {
			isa = XCBuildConfiguration;
			buildSettings = {
				BUNDLE_LOADER = "$(TEST_HOST)";
				CODE_SIGN_STYLE = Automatic;
				DEVELOPMENT_TEAM = 55Q3PYPXM7;
				INFOPLIST_FILE = DrivingProjectTests/Info.plist;
				IPHONEOS_DEPLOYMENT_TARGET = 14.4;
				LD_RUNPATH_SEARCH_PATHS = (
					"$(inherited)",
					"@executable_path/Frameworks",
					"@loader_path/Frameworks",
				);
				PRODUCT_BUNDLE_IDENTIFIER = com.lingchuang.driving.DrivingProjectTests;
				PRODUCT_NAME = "$(TARGET_NAME)";
				TARGETED_DEVICE_FAMILY = "1,2";
				TEST_HOST = "$(BUILT_PRODUCTS_DIR)/DrivingProject.app/DrivingProject";
			};
			name = Debug;
		};
		AA794B8525E5133600B8D614 /* Release */ = {
			isa = XCBuildConfiguration;
			buildSettings = {
				BUNDLE_LOADER = "$(TEST_HOST)";
				CODE_SIGN_STYLE = Automatic;
				DEVELOPMENT_TEAM = 55Q3PYPXM7;
				INFOPLIST_FILE = DrivingProjectTests/Info.plist;
				IPHONEOS_DEPLOYMENT_TARGET = 14.4;
				LD_RUNPATH_SEARCH_PATHS = (
					"$(inherited)",
					"@executable_path/Frameworks",
					"@loader_path/Frameworks",
				);
				PRODUCT_BUNDLE_IDENTIFIER = com.lingchuang.driving.DrivingProjectTests;
				PRODUCT_NAME = "$(TARGET_NAME)";
				TARGETED_DEVICE_FAMILY = "1,2";
				TEST_HOST = "$(BUILT_PRODUCTS_DIR)/DrivingProject.app/DrivingProject";
			};
			name = Release;
		};
		AA794B8725E5133600B8D614 /* Debug */ = {
			isa = XCBuildConfiguration;
			buildSettings = {
				CODE_SIGN_STYLE = Automatic;
				DEVELOPMENT_TEAM = 55Q3PYPXM7;
				INFOPLIST_FILE = DrivingProjectUITests/Info.plist;
				LD_RUNPATH_SEARCH_PATHS = (
					"$(inherited)",
					"@executable_path/Frameworks",
					"@loader_path/Frameworks",
				);
				PRODUCT_BUNDLE_IDENTIFIER = com.lingchuang.driving.DrivingProjectUITests;
				PRODUCT_NAME = "$(TARGET_NAME)";
				TARGETED_DEVICE_FAMILY = "1,2";
				TEST_TARGET_NAME = DrivingProject;
			};
			name = Debug;
		};
		AA794B8825E5133600B8D614 /* Release */ = {
			isa = XCBuildConfiguration;
			buildSettings = {
				CODE_SIGN_STYLE = Automatic;
				DEVELOPMENT_TEAM = 55Q3PYPXM7;
				INFOPLIST_FILE = DrivingProjectUITests/Info.plist;
				LD_RUNPATH_SEARCH_PATHS = (
					"$(inherited)",
					"@executable_path/Frameworks",
					"@loader_path/Frameworks",
				);
				PRODUCT_BUNDLE_IDENTIFIER = com.lingchuang.driving.DrivingProjectUITests;
				PRODUCT_NAME = "$(TARGET_NAME)";
				TARGETED_DEVICE_FAMILY = "1,2";
				TEST_TARGET_NAME = DrivingProject;
			};
			name = Release;
		};
/* End XCBuildConfiguration section */

/* Begin XCConfigurationList section */
		AA794B4925E5133500B8D614 /* Build configuration list for PBXProject "DrivingProject" */ = {
			isa = XCConfigurationList;
			buildConfigurations = (
				AA794B7E25E5133600B8D614 /* Debug */,
				AA794B7F25E5133600B8D614 /* Release */,
			);
			defaultConfigurationIsVisible = 0;
			defaultConfigurationName = Release;
		};
		AA794B8025E5133600B8D614 /* Build configuration list for PBXNativeTarget "DrivingProject" */ = {
			isa = XCConfigurationList;
			buildConfigurations = (
				AA794B8125E5133600B8D614 /* Debug */,
				AA794B8225E5133600B8D614 /* Release */,
			);
			defaultConfigurationIsVisible = 0;
			defaultConfigurationName = Release;
		};
		AA794B8325E5133600B8D614 /* Build configuration list for PBXNativeTarget "DrivingProjectTests" */ = {
			isa = XCConfigurationList;
			buildConfigurations = (
				AA794B8425E5133600B8D614 /* Debug */,
				AA794B8525E5133600B8D614 /* Release */,
			);
			defaultConfigurationIsVisible = 0;
			defaultConfigurationName = Release;
		};
		AA794B8625E5133600B8D614 /* Build configuration list for PBXNativeTarget "DrivingProjectUITests" */ = {
			isa = XCConfigurationList;
			buildConfigurations = (
				AA794B8725E5133600B8D614 /* Debug */,
				AA794B8825E5133600B8D614 /* Release */,
			);
			defaultConfigurationIsVisible = 0;
			defaultConfigurationName = Release;
		};
/* End XCConfigurationList section */

/* Begin XCVersionGroup section */
		AA794B5D25E5133500B8D614 /* DrivingProject.xcdatamodeld */ = {
			isa = XCVersionGroup;
			children = (
				AA794B5E25E5133500B8D614 /* DrivingProject.xcdatamodel */,
			);
			currentVersion = AA794B5E25E5133500B8D614 /* DrivingProject.xcdatamodel */;
			path = DrivingProject.xcdatamodeld;
			sourceTree = "<group>";
			versionGroupType = wrapper.xcdatamodel;
		};
/* End XCVersionGroup section */
	};
	rootObject = AA794B4625E5133500B8D614 /* Project object */;
}
